{
    "_readme": [
        "This file locks the dependencies of your project to a known state",
        "Read more about it at https://getcomposer.org/doc/01-basic-usage.md#composer-lock-the-lock-file",
        "This file is @generated automatically"
    ],
    "content-hash": "b811cff1d47ea826f9efede2aa8348fa",
    "packages": [
        {
            "name": "elbiniou-phpcomponent",
            "version": "dev-master",
            "source": {
                "type": "git",
                "url": "https://github.com/ElBiniou/phpcomponent.git",
                "reference": "859a5f42ee2095d8b1e3a08557a6314287691eae"
            },
            "dist": {
                "type": "zip",
                "url": "https://api.github.com/repos/ElBiniou/phpcomponent/zipball/859a5f42ee2095d8b1e3a08557a6314287691eae",
                "reference": "859a5f42ee2095d8b1e3a08557a6314287691eae",
                "shasum": ""
            },
            "type": "library",
            "autoload": {
                "psr-0": {
                    "Mustache": "vendor/mustache/src"
                },
                "psr-4": {
                    "PHPComponent\\": "source/class"
                },
                "files": []
            },
            "description": "PHP web-components",
            "support": {
                "source": "https://github.com/ElBiniou/phpcomponent/tree/master",
                "issues": "https://github.com/ElBiniou/phpcomponent/issues"
            },
            "time": "2017-02-02 17:53:40"
        }
    ],
    "packages-dev": [],
    "aliases": [],
    "minimum-stability": "stable",
    "stability-flags": {
        "elbiniou-phpcomponent": 20
    },
    "prefer-stable": false,
    "prefer-lowest": false,
    "platform": [],
    "platform-dev": []
}
