{
    "_readme": [
        "This file locks the dependencies of your project to a known state",
        "Read more about it at https://getcomposer.org/doc/01-basic-usage.md#composer-lock-the-lock-file",
        "This file is @generated automatically"
    ],
    "content-hash": "5558d3b515d059170261e2eb58c7657c",
    "packages": [
        {
            "name": "phi-component",
            "version": "dev-master",
            "source": {
                "type": "git",
                "url": "https://github.com/ElBiniou/phi-component.git",
                "reference": "f8a432f3a95c7a79f1182ae747dbd2014db4401d"
            },
            "dist": {
                "type": "zip",
                "url": "https://api.github.com/repos/ElBiniou/phi-component/zipball/f8a432f3a95c7a79f1182ae747dbd2014db4401d",
                "reference": "f8a432f3a95c7a79f1182ae747dbd2014db4401d",
                "shasum": ""
            },
            "type": "library",
            "autoload": {
                "psr-0": {
                    "Mustache": "vendor/mustache/src"
                },
                "psr-4": {
                    "Phi\\Component\\": "source/class"
                },
                "files": []
            },
            "description": "Phi web-components",
            "support": {
                "source": "https://github.com/ElBiniou/phi-component/tree/master",
                "issues": "https://github.com/ElBiniou/phi-component/issues"
            },
            "time": "2017-06-01 13:33:39"
        }
    ],
    "packages-dev": [],
    "aliases": [],
    "minimum-stability": "stable",
    "stability-flags": {
        "phi-component": 20
    },
    "prefer-stable": false,
    "prefer-lowest": false,
    "platform": [],
    "platform-dev": []
}
